
Microsoft Visual Studio Solution File, Format Version 12.00
# Visual Studio 2013
VisualStudioVersion = 12.0.31101.0
MinimumVisualStudioVersion = 10.0.40219.1
Project("{FAE04EC0-301F-11D3-BF4B-00C04F79EFBC}") = "AutomatedNest", "AutomatedNest\AutomatedNest.csproj", "{C95E1938-2FA8-4658-82A0-EDAE15E959BC}"
	ProjectSection(ProjectDependencies) = postProject
		{F311F784-7D7A-4CF9-8D73-02F0610D18E0} = {F311F784-7D7A-4CF9-8D73-02F0610D18E0}
		{8A8005D9-24E3-4907-BDD9-66836ABC7EE4} = {8A8005D9-24E3-4907-BDD9-66836ABC7EE4}
	EndProjectSection
EndProject
Project("{2150E333-8FDC-42A3-9474-1A3956D46DE8}") = "1. Clients", "1. Clients", "{AC708F0E-545F-424D-B938-2A7DA296696F}"
EndProject
Project("{2150E333-8FDC-42A3-9474-1A3956D46DE8}") = "2. Managers", "2. Managers", "{46F0FBB9-E054-449B-81EF-43AD65283152}"
EndProject
Project("{2150E333-8FDC-42A3-9474-1A3956D46DE8}") = "4. Accessors", "4. Accessors", "{1C6106D4-F51E-43C5-9CB1-9CAB71D4DBC2}"
EndProject
Project("{2150E333-8FDC-42A3-9474-1A3956D46DE8}") = "5. Shared", "5. Shared", "{49F24D55-E8AC-4EA2-9E44-0CBBA6398E7D}"
EndProject
Project("{2150E333-8FDC-42A3-9474-1A3956D46DE8}") = "3. Engines", "3. Engines", "{5E732A17-B9DF-4193-B4B0-C91787B7997A}"
EndProject
Project("{2150E333-8FDC-42A3-9474-1A3956D46DE8}") = "9. Tests", "9. Tests", "{4EA74209-EC29-4233-B112-904A57BCD93A}"
EndProject
Project("{FAE04EC0-301F-11D3-BF4B-00C04F79EFBC}") = "AutomatedNest.ThermostatManager", "AutomatedNest.ThermostatManager\AutomatedNest.ThermostatManager.csproj", "{F311F784-7D7A-4CF9-8D73-02F0610D18E0}"
EndProject
Project("{FAE04EC0-301F-11D3-BF4B-00C04F79EFBC}") = "AutomatedNest.ThermostatEngines", "AutomatedNest.ThermostatEngines\AutomatedNest.ThermostatEngines.csproj", "{6B032FCF-8FA2-4016-A5D9-B3B5E08470CA}"
EndProject
Project("{FAE04EC0-301F-11D3-BF4B-00C04F79EFBC}") = "AutomatedNest.UnofficialNestAPI", "AutomatedNest.UnofficialNestAPI\AutomatedNest.UnofficialNestAPI.csproj", "{683AB04A-205B-4FFC-9D4F-731273310EB8}"
EndProject
Project("{FAE04EC0-301F-11D3-BF4B-00C04F79EFBC}") = "AutomatedNest.NestDataObjects", "AutomatedNest.NestDataObjects\AutomatedNest.NestDataObjects.csproj", "{8A8005D9-24E3-4907-BDD9-66836ABC7EE4}"
EndProject
Project("{FAE04EC0-301F-11D3-BF4B-00C04F79EFBC}") = "AutomatedNest.UnitTests", "AutomatedNest.UnitTests\AutomatedNest.UnitTests.csproj", "{451BF83C-A5E2-46F4-B757-2E7030563284}"
EndProject
Global
	GlobalSection(SolutionConfigurationPlatforms) = preSolution
		Debug|Any CPU = Debug|Any CPU
		Debug|ARM = Debug|ARM
		Debug|x64 = Debug|x64
		Debug|x86 = Debug|x86
		Release|Any CPU = Release|Any CPU
		Release|ARM = Release|ARM
		Release|x64 = Release|x64
		Release|x86 = Release|x86
	EndGlobalSection
	GlobalSection(ProjectConfigurationPlatforms) = postSolution
		{C95E1938-2FA8-4658-82A0-EDAE15E959BC}.Debug|Any CPU.ActiveCfg = Debug|Any CPU
		{C95E1938-2FA8-4658-82A0-EDAE15E959BC}.Debug|Any CPU.Build.0 = Debug|Any CPU
		{C95E1938-2FA8-4658-82A0-EDAE15E959BC}.Debug|ARM.ActiveCfg = Debug|Any CPU
		{C95E1938-2FA8-4658-82A0-EDAE15E959BC}.Debug|x64.ActiveCfg = Debug|Any CPU
		{C95E1938-2FA8-4658-82A0-EDAE15E959BC}.Debug|x86.ActiveCfg = Debug|Any CPU
		{C95E1938-2FA8-4658-82A0-EDAE15E959BC}.Release|Any CPU.ActiveCfg = Release|Any CPU
		{C95E1938-2FA8-4658-82A0-EDAE15E959BC}.Release|Any CPU.Build.0 = Release|Any CPU
		{C95E1938-2FA8-4658-82A0-EDAE15E959BC}.Release|ARM.ActiveCfg = Release|Any CPU
		{C95E1938-2FA8-4658-82A0-EDAE15E959BC}.Release|x64.ActiveCfg = Release|Any CPU
		{C95E1938-2FA8-4658-82A0-EDAE15E959BC}.Release|x86.ActiveCfg = Release|Any CPU
		{F311F784-7D7A-4CF9-8D73-02F0610D18E0}.Debug|Any CPU.ActiveCfg = Debug|Any CPU
		{F311F784-7D7A-4CF9-8D73-02F0610D18E0}.Debug|Any CPU.Build.0 = Debug|Any CPU
		{F311F784-7D7A-4CF9-8D73-02F0610D18E0}.Debug|ARM.ActiveCfg = Debug|Any CPU
		{F311F784-7D7A-4CF9-8D73-02F0610D18E0}.Debug|x64.ActiveCfg = Debug|Any CPU
		{F311F784-7D7A-4CF9-8D73-02F0610D18E0}.Debug|x86.ActiveCfg = Debug|Any CPU
		{F311F784-7D7A-4CF9-8D73-02F0610D18E0}.Release|Any CPU.ActiveCfg = Release|Any CPU
		{F311F784-7D7A-4CF9-8D73-02F0610D18E0}.Release|Any CPU.Build.0 = Release|Any CPU
		{F311F784-7D7A-4CF9-8D73-02F0610D18E0}.Release|ARM.ActiveCfg = Release|Any CPU
		{F311F784-7D7A-4CF9-8D73-02F0610D18E0}.Release|x64.ActiveCfg = Release|Any CPU
		{F311F784-7D7A-4CF9-8D73-02F0610D18E0}.Release|x86.ActiveCfg = Release|Any CPU
		{6B032FCF-8FA2-4016-A5D9-B3B5E08470CA}.Debug|Any CPU.ActiveCfg = Debug|Any CPU
		{6B032FCF-8FA2-4016-A5D9-B3B5E08470CA}.Debug|Any CPU.Build.0 = Debug|Any CPU
		{6B032FCF-8FA2-4016-A5D9-B3B5E08470CA}.Debug|ARM.ActiveCfg = Debug|Any CPU
		{6B032FCF-8FA2-4016-A5D9-B3B5E08470CA}.Debug|x64.ActiveCfg = Debug|Any CPU
		{6B032FCF-8FA2-4016-A5D9-B3B5E08470CA}.Debug|x86.ActiveCfg = Debug|Any CPU
		{6B032FCF-8FA2-4016-A5D9-B3B5E08470CA}.Release|Any CPU.ActiveCfg = Release|Any CPU
		{6B032FCF-8FA2-4016-A5D9-B3B5E08470CA}.Release|Any CPU.Build.0 = Release|Any CPU
		{6B032FCF-8FA2-4016-A5D9-B3B5E08470CA}.Release|ARM.ActiveCfg = Release|Any CPU
		{6B032FCF-8FA2-4016-A5D9-B3B5E08470CA}.Release|x64.ActiveCfg = Release|Any CPU
		{6B032FCF-8FA2-4016-A5D9-B3B5E08470CA}.Release|x86.ActiveCfg = Release|Any CPU
		{683AB04A-205B-4FFC-9D4F-731273310EB8}.Debug|Any CPU.ActiveCfg = Debug|Any CPU
		{683AB04A-205B-4FFC-9D4F-731273310EB8}.Debug|Any CPU.Build.0 = Debug|Any CPU
		{683AB04A-205B-4FFC-9D4F-731273310EB8}.Debug|ARM.ActiveCfg = Debug|Any CPU
		{683AB04A-205B-4FFC-9D4F-731273310EB8}.Debug|x64.ActiveCfg = Debug|Any CPU
		{683AB04A-205B-4FFC-9D4F-731273310EB8}.Debug|x86.ActiveCfg = Debug|Any CPU
		{683AB04A-205B-4FFC-9D4F-731273310EB8}.Release|Any CPU.ActiveCfg = Release|Any CPU
		{683AB04A-205B-4FFC-9D4F-731273310EB8}.Release|Any CPU.Build.0 = Release|Any CPU
		{683AB04A-205B-4FFC-9D4F-731273310EB8}.Release|ARM.ActiveCfg = Release|Any CPU
		{683AB04A-205B-4FFC-9D4F-731273310EB8}.Release|x64.ActiveCfg = Release|Any CPU
		{683AB04A-205B-4FFC-9D4F-731273310EB8}.Release|x86.ActiveCfg = Release|Any CPU
		{8A8005D9-24E3-4907-BDD9-66836ABC7EE4}.Debug|Any CPU.ActiveCfg = Debug|Any CPU
		{8A8005D9-24E3-4907-BDD9-66836ABC7EE4}.Debug|Any CPU.Build.0 = Debug|Any CPU
		{8A8005D9-24E3-4907-BDD9-66836ABC7EE4}.Debug|ARM.ActiveCfg = Debug|Any CPU
		{8A8005D9-24E3-4907-BDD9-66836ABC7EE4}.Debug|x64.ActiveCfg = Debug|Any CPU
		{8A8005D9-24E3-4907-BDD9-66836ABC7EE4}.Debug|x86.ActiveCfg = Debug|Any CPU
		{8A8005D9-24E3-4907-BDD9-66836ABC7EE4}.Release|Any CPU.ActiveCfg = Release|Any CPU
		{8A8005D9-24E3-4907-BDD9-66836ABC7EE4}.Release|Any CPU.Build.0 = Release|Any CPU
		{8A8005D9-24E3-4907-BDD9-66836ABC7EE4}.Release|ARM.ActiveCfg = Release|Any CPU
		{8A8005D9-24E3-4907-BDD9-66836ABC7EE4}.Release|x64.ActiveCfg = Release|Any CPU
		{8A8005D9-24E3-4907-BDD9-66836ABC7EE4}.Release|x86.ActiveCfg = Release|Any CPU
		{451BF83C-A5E2-46F4-B757-2E7030563284}.Debug|Any CPU.ActiveCfg = Debug|Any CPU
		{451BF83C-A5E2-46F4-B757-2E7030563284}.Debug|Any CPU.Build.0 = Debug|Any CPU
		{451BF83C-A5E2-46F4-B757-2E7030563284}.Debug|ARM.ActiveCfg = Debug|Any CPU
		{451BF83C-A5E2-46F4-B757-2E7030563284}.Debug|x64.ActiveCfg = Debug|Any CPU
		{451BF83C-A5E2-46F4-B757-2E7030563284}.Debug|x86.ActiveCfg = Debug|Any CPU
		{451BF83C-A5E2-46F4-B757-2E7030563284}.Release|Any CPU.ActiveCfg = Release|Any CPU
		{451BF83C-A5E2-46F4-B757-2E7030563284}.Release|Any CPU.Build.0 = Release|Any CPU
		{451BF83C-A5E2-46F4-B757-2E7030563284}.Release|ARM.ActiveCfg = Release|Any CPU
		{451BF83C-A5E2-46F4-B757-2E7030563284}.Release|x64.ActiveCfg = Release|Any CPU
		{451BF83C-A5E2-46F4-B757-2E7030563284}.Release|x86.ActiveCfg = Release|Any CPU
	EndGlobalSection
	GlobalSection(SolutionProperties) = preSolution
		HideSolutionNode = FALSE
	EndGlobalSection
	GlobalSection(NestedProjects) = preSolution
		{C95E1938-2FA8-4658-82A0-EDAE15E959BC} = {AC708F0E-545F-424D-B938-2A7DA296696F}
		{F311F784-7D7A-4CF9-8D73-02F0610D18E0} = {46F0FBB9-E054-449B-81EF-43AD65283152}
		{6B032FCF-8FA2-4016-A5D9-B3B5E08470CA} = {5E732A17-B9DF-4193-B4B0-C91787B7997A}
		{683AB04A-205B-4FFC-9D4F-731273310EB8} = {1C6106D4-F51E-43C5-9CB1-9CAB71D4DBC2}
		{8A8005D9-24E3-4907-BDD9-66836ABC7EE4} = {49F24D55-E8AC-4EA2-9E44-0CBBA6398E7D}
		{451BF83C-A5E2-46F4-B757-2E7030563284} = {4EA74209-EC29-4233-B112-904A57BCD93A}
	EndGlobalSection
EndGlobal
